
Microsoft Visual Studio Solution File, Format Version 12.00
# Visual Studio Version 17
VisualStudioVersion = 17.0.31903.59
MinimumVisualStudioVersion = 10.0.40219.1
Project("{FAE04EC0-301F-11D3-BF4B-00C04F79EFBC}") = "Veil", "Veil.csproj", "{7EA629E8-0129-4224-8BB4-865553260AE2}"
EndProject
Project("{FAE04EC0-301F-11D3-BF4B-00C04F79EFBC}") = "Veil.Tests", "Veil.Tests\Veil.Tests.csproj", "{46C4A03F-2545-4152-930A-A5677C898683}"
EndProject
Global
	GlobalSection(SolutionConfigurationPlatforms) = preSolution
		Debug|Any CPU = Debug|Any CPU
		Debug|x64 = Debug|x64
		Debug|x86 = Debug|x86
		Release|Any CPU = Release|Any CPU
		Release|x64 = Release|x64
		Release|x86 = Release|x86
	EndGlobalSection
	GlobalSection(ProjectConfigurationPlatforms) = postSolution
		{7EA629E8-0129-4224-8BB4-865553260AE2}.Debug|Any CPU.ActiveCfg = Debug|Any CPU
		{7EA629E8-0129-4224-8BB4-865553260AE2}.Debug|Any CPU.Build.0 = Debug|Any CPU
		{7EA629E8-0129-4224-8BB4-865553260AE2}.Debug|x64.ActiveCfg = Debug|Any CPU
		{7EA629E8-0129-4224-8BB4-865553260AE2}.Debug|x64.Build.0 = Debug|Any CPU
		{7EA629E8-0129-4224-8BB4-865553260AE2}.Debug|x86.ActiveCfg = Debug|Any CPU
		{7EA629E8-0129-4224-8BB4-865553260AE2}.Debug|x86.Build.0 = Debug|Any CPU
		{7EA629E8-0129-4224-8BB4-865553260AE2}.Release|Any CPU.ActiveCfg = Release|Any CPU
		{7EA629E8-0129-4224-8BB4-865553260AE2}.Release|Any CPU.Build.0 = Release|Any CPU
		{7EA629E8-0129-4224-8BB4-865553260AE2}.Release|x64.ActiveCfg = Release|Any CPU
		{7EA629E8-0129-4224-8BB4-865553260AE2}.Release|x64.Build.0 = Release|Any CPU
		{7EA629E8-0129-4224-8BB4-865553260AE2}.Release|x86.ActiveCfg = Release|Any CPU
		{7EA629E8-0129-4224-8BB4-865553260AE2}.Release|x86.Build.0 = Release|Any CPU
		{46C4A03F-2545-4152-930A-A5677C898683}.Debug|Any CPU.ActiveCfg = Debug|Any CPU
		{46C4A03F-2545-4152-930A-A5677C898683}.Debug|Any CPU.Build.0 = Debug|Any CPU
		{46C4A03F-2545-4152-930A-A5677C898683}.Debug|x64.ActiveCfg = Debug|Any CPU
		{46C4A03F-2545-4152-930A-A5677C898683}.Debug|x64.Build.0 = Debug|Any CPU
		{46C4A03F-2545-4152-930A-A5677C898683}.Debug|x86.ActiveCfg = Debug|Any CPU
		{46C4A03F-2545-4152-930A-A5677C898683}.Debug|x86.Build.0 = Debug|Any CPU
		{46C4A03F-2545-4152-930A-A5677C898683}.Release|Any CPU.ActiveCfg = Release|Any CPU
		{46C4A03F-2545-4152-930A-A5677C898683}.Release|Any CPU.Build.0 = Release|Any CPU
		{46C4A03F-2545-4152-930A-A5677C898683}.Release|x64.ActiveCfg = Release|Any CPU
		{46C4A03F-2545-4152-930A-A5677C898683}.Release|x64.Build.0 = Release|Any CPU
		{46C4A03F-2545-4152-930A-A5677C898683}.Release|x86.ActiveCfg = Release|Any CPU
		{46C4A03F-2545-4152-930A-A5677C898683}.Release|x86.Build.0 = Release|Any CPU
	EndGlobalSection
	GlobalSection(SolutionProperties) = preSolution
		HideSolutionNode = FALSE
	EndGlobalSection
EndGlobal
